{
  "name": "uws-example",
  "version": "1.0.0",
  "lockfileVersion": 3,
  "requires": true,
  "packages": {
    "": {
      "name": "uws-example",
      "version": "1.0.0",
      "license": "ISC",
      "dependencies": {
        "@dreamit/graphql-server": "4.13.1",
        "@dreamit/graphql-testing": "0.1.2",
        "graphql": "16.10.0",
        "uWebSockets.js": "github:uNetworking/uWebSockets.js#v20.72.0"
      },
      "devDependencies": {
        "@types/body-parser": "1.19.5",
        "@types/node": "22.13.14",
        "oxlint": "0.16.3",
        "typescript": "5.8.2"
      }
    },
    "node_modules/@dreamit/funpara": {
      "version": "1.3.1",
      "resolved": "https://registry.npmjs.org/@dreamit/funpara/-/funpara-1.3.1.tgz",
      "integrity": "sha512-BkNI11irnk5TcDBP7lIluuF2zJ1NiC8/Qq+40rIUj1GE89l2lTTlN0D7eAlMFEVXkjlIVH8nRTTt6L1UYSMGJQ==",
      "license": "MIT",
      "peer": true
    },
    "node_modules/@dreamit/graphql-server": {
      "version": "4.13.1",
      "resolved": "https://registry.npmjs.org/@dreamit/graphql-server/-/graphql-server-4.13.1.tgz",
      "integrity": "sha512-eu/+UkIBfsqhB6+nNnFQ0+03kQd6BsUynXCsCFOvXatQngTEmOhs1fb9FydTkCSgrh+wLm7K8O5EGPbiJQHxgA==",
      "license": "MIT",
      "engines": {
        "node": ">=v6.13.0"
      },
      "optionalDependencies": {
        "@esbuild/linux-x64": "0.25.0",
        "@oxlint/linux-x64-gnu": "0.15.13",
        "@rollup/rollup-linux-x64-gnu": "4.34.9"
      },
      "peerDependencies": {
        "@dreamit/funpara": "^1.0.0",
        "@dreamit/graphql-server-base": "^2.7.0",
        "graphql": "^16.0.0"
      }
    },
    "node_modules/@dreamit/graphql-server-base": {
      "version": "2.7.0",
      "resolved": "https://registry.npmjs.org/@dreamit/graphql-server-base/-/graphql-server-base-2.7.0.tgz",
      "integrity": "sha512-2Gx2vag2ghugTuRxntZeiRmUIrVqxeK7vFHeb2A2X7pdz0DovAhSEFNLKpN3kPhrbNrnoc5MYc9Ln05pG4vONA==",
      "license": "MIT",
      "peer": true,
      "peerDependencies": {
        "@dreamit/funpara": "^1.0.0",
        "graphql": "^16.0.0"
      }
    },
    "node_modules/@dreamit/graphql-testing": {
      "version": "0.1.2",
      "resolved": "https://registry.npmjs.org/@dreamit/graphql-testing/-/graphql-testing-0.1.2.tgz",
      "integrity": "sha512-avZTngiJGvyIBGsm0MoemQQJrlBKfnzNBy133eBQBg/4rAyZd1gKpo46Iv4wAMV6P8e1KQUCm9v24ztMY/LyBg==",
      "license": "MIT",
      "engines": {
        "node": ">=v6.13.0"
      },
      "peerDependencies": {
        "@dreamit/funpara": "^1.0.0",
        "@dreamit/graphql-server-base": "^2.6.0",
        "graphql": "^16.0.0"
      }
    },
    "node_modules/@esbuild/linux-x64": {
      "version": "0.25.0",
      "resolved": "https://registry.npmjs.org/@esbuild/linux-x64/-/linux-x64-0.25.0.tgz",
      "integrity": "sha512-9yl91rHw/cpwMCNytUDxwj2XjFpxML0y9HAOH9pNVQDpQrBxHy01Dx+vaMu0N1CKa/RzBD2hB4u//nfc+Sd3Cw==",
      "cpu": [
        "x64"
      ],
      "license": "MIT",
      "optional": true,
      "os": [
        "linux"
      ],
      "engines": {
        "node": ">=18"
      }
    },
    "node_modules/@oxlint/darwin-arm64": {
      "version": "0.16.3",
      "resolved": "https://registry.npmjs.org/@oxlint/darwin-arm64/-/darwin-arm64-0.16.3.tgz",
      "integrity": "sha512-X0VSK4mjPWJTzNHTExFlN+MdEVbxhdl/fXSLDKPf8Sm46ebY7qat8Df06Z0fncZc1+aDAb32xDy0U3cnUA1vgg==",
      "cpu": [
        "arm64"
      ],
      "dev": true,
      "license": "MIT",
      "optional": true,
      "os": [
        "darwin"
      ]
    },
    "node_modules/@oxlint/darwin-x64": {
      "version": "0.16.3",
      "resolved": "https://registry.npmjs.org/@oxlint/darwin-x64/-/darwin-x64-0.16.3.tgz",
      "integrity": "sha512-/fTRMu2wjSbp9ai6jFlNSOME3Eoq9+7W9JpGyi7s3vht5PnqKVSCZVXaawEAlHgFIlcwi9MZHbRo6GDsqfZnuw==",
      "cpu": [
        "x64"
      ],
      "dev": true,
      "license": "MIT",
      "optional": true,
      "os": [
        "darwin"
      ]
    },
    "node_modules/@oxlint/linux-arm64-gnu": {
      "version": "0.16.3",
      "resolved": "https://registry.npmjs.org/@oxlint/linux-arm64-gnu/-/linux-arm64-gnu-0.16.3.tgz",
      "integrity": "sha512-t1xtcbHoJGpE/0oRA8z2/szBB0gHGy0eua0ko57Lo1LscHiyvkmpqPJTiaR8+1b+EbGO8KKgLcKDoxqvmIqDbA==",
      "cpu": [
        "arm64"
      ],
      "dev": true,
      "license": "MIT",
      "optional": true,
      "os": [
        "linux"
      ]
    },
    "node_modules/@oxlint/linux-arm64-musl": {
      "version": "0.16.3",
      "resolved": "https://registry.npmjs.org/@oxlint/linux-arm64-musl/-/linux-arm64-musl-0.16.3.tgz",
      "integrity": "sha512-N0kCa9K9MssXO/Gk6tPHYQWUdWhEJPek4rsYRLXyoVKX0c36Ty66Ye74LiDtFkkB33S0P38hTAwYWF68nqCEmw==",
      "cpu": [
        "arm64"
      ],
      "dev": true,
      "license": "MIT",
      "optional": true,
      "os": [
        "linux"
      ]
    },
    "node_modules/@oxlint/linux-x64-gnu": {
      "version": "0.15.13",
      "resolved": "https://registry.npmjs.org/@oxlint/linux-x64-gnu/-/linux-x64-gnu-0.15.13.tgz",
      "integrity": "sha512-duyk1FXb45D1PEbdOhnS4GCyD3MxcCJaDurG+VCGUeZOEzvQXI5vdOqmieA3nsizzoTFjHR98wwXCE426ETlcw==",
      "cpu": [
        "x64"
      ],
      "license": "MIT",
      "optional": true,
      "os": [
        "linux"
      ]
    },
    "node_modules/@oxlint/linux-x64-musl": {
      "version": "0.16.3",
      "resolved": "https://registry.npmjs.org/@oxlint/linux-x64-musl/-/linux-x64-musl-0.16.3.tgz",
      "integrity": "sha512-xdAtPsXkAe1XyXGTwmhDRy48j9EOUMiT7yL0OziHndU8U5/kfrEXgwLAw0tb8XEvfu5ZVn76EtTyQxpG0KkPpw==",
      "cpu": [
        "x64"
      ],
      "dev": true,
      "license": "MIT",
      "optional": true,
      "os": [
        "linux"
      ]
    },
    "node_modules/@oxlint/win32-arm64": {
      "version": "0.16.3",
      "resolved": "https://registry.npmjs.org/@oxlint/win32-arm64/-/win32-arm64-0.16.3.tgz",
      "integrity": "sha512-B54p7IrcACUEypQtKzMJ07xP+pFJbTwktB9TuANogMIMo33DsxoBvAYoGFOL/sFq1Dvg5jtCa6LX1dAzSPXwTA==",
      "cpu": [
        "arm64"
      ],
      "dev": true,
      "license": "MIT",
      "optional": true,
      "os": [
        "win32"
      ]
    },
    "node_modules/@oxlint/win32-x64": {
      "version": "0.16.3",
      "resolved": "https://registry.npmjs.org/@oxlint/win32-x64/-/win32-x64-0.16.3.tgz",
      "integrity": "sha512-ZpnyNyXAS5xsZggOD2V5tYYBALnW8p0w70UNXPWnXl3ScAb3QMW7IQRyOvKNPbXyW7XNYebWlgJkSCFij9gKvA==",
      "cpu": [
        "x64"
      ],
      "dev": true,
      "license": "MIT",
      "optional": true,
      "os": [
        "win32"
      ]
    },
    "node_modules/@rollup/rollup-linux-x64-gnu": {
      "version": "4.34.9",
      "resolved": "https://registry.npmjs.org/@rollup/rollup-linux-x64-gnu/-/rollup-linux-x64-gnu-4.34.9.tgz",
      "integrity": "sha512-FwBHNSOjUTQLP4MG7y6rR6qbGw4MFeQnIBrMe161QGaQoBQLqSUEKlHIiVgF3g/mb3lxlxzJOpIBhaP+C+KP2A==",
      "cpu": [
        "x64"
      ],
      "license": "MIT",
      "optional": true,
      "os": [
        "linux"
      ]
    },
    "node_modules/@types/body-parser": {
      "version": "1.19.5",
      "resolved": "https://registry.npmjs.org/@types/body-parser/-/body-parser-1.19.5.tgz",
      "integrity": "sha512-fB3Zu92ucau0iQ0JMCFQE7b/dv8Ot07NI3KaZIkIUNXq82k4eBAqUaneXfleGY9JWskeS9y+u0nXMyspcuQrCg==",
      "dev": true,
      "license": "MIT",
      "dependencies": {
        "@types/connect": "*",
        "@types/node": "*"
      }
    },
    "node_modules/@types/connect": {
      "version": "3.4.38",
      "resolved": "https://registry.npmjs.org/@types/connect/-/connect-3.4.38.tgz",
      "integrity": "sha512-K6uROf1LD88uDQqJCktA4yzL1YYAK6NgfsI0v/mTgyPKWsX1CnJ0XPSDhViejru1GcRkLWb8RlzFYJRqGUbaug==",
      "dev": true,
      "license": "MIT",
      "dependencies": {
        "@types/node": "*"
      }
    },
    "node_modules/@types/node": {
      "version": "22.13.14",
      "resolved": "https://registry.npmjs.org/@types/node/-/node-22.13.14.tgz",
      "integrity": "sha512-Zs/Ollc1SJ8nKUAgc7ivOEdIBM8JAKgrqqUYi2J997JuKO7/tpQC+WCetQ1sypiKCQWHdvdg9wBNpUPEWZae7w==",
      "dev": true,
      "license": "MIT",
      "dependencies": {
        "undici-types": "~6.20.0"
      }
    },
    "node_modules/graphql": {
      "version": "16.10.0",
      "resolved": "https://registry.npmjs.org/graphql/-/graphql-16.10.0.tgz",
      "integrity": "sha512-AjqGKbDGUFRKIRCP9tCKiIGHyriz2oHEbPIbEtcSLSs4YjReZOIPQQWek4+6hjw62H9QShXHyaGivGiYVLeYFQ==",
      "license": "MIT",
      "engines": {
        "node": "^12.22.0 || ^14.16.0 || ^16.0.0 || >=17.0.0"
      }
    },
    "node_modules/oxlint": {
      "version": "0.16.3",
      "resolved": "https://registry.npmjs.org/oxlint/-/oxlint-0.16.3.tgz",
      "integrity": "sha512-CqHLqyVLL0UYLsJTLHuwzbM3/dCxA5v0ngSCTnVFYwQsj8qYr8p1KS0TbCX4Mv20vcOJifSoQdQhvNcWFSKMZw==",
      "dev": true,
      "license": "MIT",
      "bin": {
        "oxc_language_server": "bin/oxc_language_server",
        "oxlint": "bin/oxlint"
      },
      "engines": {
        "node": ">=8.*"
      },
      "funding": {
        "url": "https://github.com/sponsors/Boshen"
      },
      "optionalDependencies": {
        "@oxlint/darwin-arm64": "0.16.3",
        "@oxlint/darwin-x64": "0.16.3",
        "@oxlint/linux-arm64-gnu": "0.16.3",
        "@oxlint/linux-arm64-musl": "0.16.3",
        "@oxlint/linux-x64-gnu": "0.16.3",
        "@oxlint/linux-x64-musl": "0.16.3",
        "@oxlint/win32-arm64": "0.16.3",
        "@oxlint/win32-x64": "0.16.3"
      }
    },
    "node_modules/oxlint/node_modules/@oxlint/linux-x64-gnu": {
      "version": "0.16.3",
      "resolved": "https://registry.npmjs.org/@oxlint/linux-x64-gnu/-/linux-x64-gnu-0.16.3.tgz",
      "integrity": "sha512-f/MzfVTTxdO2YqWLvv/yyDF4O82yBC9KsDgd01M3M2cqrBlczDZ8FZaVAMO9RzKGiPZi6nwxxK0VPaLzGEc3XQ==",
      "cpu": [
        "x64"
      ],
      "dev": true,
      "license": "MIT",
      "optional": true,
      "os": [
        "linux"
      ]
    },
    "node_modules/typescript": {
      "version": "5.8.2",
      "resolved": "https://registry.npmjs.org/typescript/-/typescript-5.8.2.tgz",
      "integrity": "sha512-aJn6wq13/afZp/jT9QZmwEjDqqvSGp1VT5GVg+f/t6/oVyrgXM6BY1h9BRh/O5p3PlUPAe+WuiEZOmb/49RqoQ==",
      "dev": true,
      "license": "Apache-2.0",
      "bin": {
        "tsc": "bin/tsc",
        "tsserver": "bin/tsserver"
      },
      "engines": {
        "node": ">=14.17"
      }
    },
    "node_modules/undici-types": {
      "version": "6.20.0",
      "resolved": "https://registry.npmjs.org/undici-types/-/undici-types-6.20.0.tgz",
      "integrity": "sha512-Ny6QZ2Nju20vw1SRHe3d9jVu6gJ+4e3+MMpqu7pqE5HT6WsTSlce++GQmK5UXS8mzV8DSYHrQH+Xrf2jVcuKNg==",
      "dev": true,
      "license": "MIT"
    },
    "node_modules/uWebSockets.js": {
      "version": "20.51.0",
      "resolved": "git+ssh://git@github.com/uNetworking/uWebSockets.js.git#6609a88ffa9a16ac5158046761356ce03250a0df",
      "license": "Apache-2.0"
    }
  }
}
