{
  "name": "uws-example",
  "version": "1.0.0",
  "lockfileVersion": 3,
  "requires": true,
  "packages": {
    "": {
      "name": "uws-example",
      "version": "1.0.0",
      "license": "ISC",
      "dependencies": {
        "@dreamit/graphql-server": "5.1.0",
        "@dreamit/graphql-testing": "1.0.1",
        "graphql": "16.11.0",
        "uWebSockets.js": "github:uNetworking/uWebSockets.js#v20.52.0"
      },
      "devDependencies": {
        "@types/body-parser": "1.19.6",
        "@types/node": "24.0.3",
        "oxlint": "1.3.0",
        "typescript": "5.8.3"
      }
    },
    "node_modules/@dreamit/funpara": {
      "version": "1.3.1",
      "resolved": "https://registry.npmjs.org/@dreamit/funpara/-/funpara-1.3.1.tgz",
      "integrity": "sha512-BkNI11irnk5TcDBP7lIluuF2zJ1NiC8/Qq+40rIUj1GE89l2lTTlN0D7eAlMFEVXkjlIVH8nRTTt6L1UYSMGJQ==",
      "license": "MIT",
      "peer": true
    },
    "node_modules/@dreamit/graphql-server": {
      "version": "5.1.0",
      "resolved": "https://registry.npmjs.org/@dreamit/graphql-server/-/graphql-server-5.1.0.tgz",
      "integrity": "sha512-gRh5QI1G8UWmoMrTFQmnxjNHv9/6maSKbYUhKinJ90i3y+GgSjzNcJ1e33OWWBq7ymJEPxbgClK/d6YgVg8JbQ==",
      "license": "MIT",
      "engines": {
        "node": ">=v6.13.0"
      },
      "optionalDependencies": {
        "@esbuild/linux-x64": "0.25.5",
        "@oxlint/linux-x64-gnu": "1.1.0",
        "@rollup/rollup-linux-x64-gnu": "4.43.0"
      },
      "peerDependencies": {
        "@dreamit/funpara": "^1.0.0",
        "@dreamit/graphql-server-base": "^3.1.0",
        "graphql": "^16.0.0"
      }
    },
    "node_modules/@dreamit/graphql-server-base": {
      "version": "3.1.0",
      "resolved": "https://registry.npmjs.org/@dreamit/graphql-server-base/-/graphql-server-base-3.1.0.tgz",
      "integrity": "sha512-/EP9wBCn9WJ/AfIVXFZLvygpaHa0kvTYWzmpzmskbGd9p+fh0HVpdxrwNuQtwVNA/yeG/tZRxQ8ClwuK5gWOgg==",
      "license": "MIT",
      "peer": true,
      "peerDependencies": {
        "@dreamit/funpara": "^1.0.0",
        "graphql": "^16.0.0"
      }
    },
    "node_modules/@dreamit/graphql-testing": {
      "version": "1.0.1",
      "resolved": "https://registry.npmjs.org/@dreamit/graphql-testing/-/graphql-testing-1.0.1.tgz",
      "integrity": "sha512-yn67jVMJ2GminXFnH0ugEWtTtv/FNBEKK7SbR33NEh4cInlPXL/+rHEQETWTtes2TIt++aNAi8l9jPVM0QGkoA==",
      "license": "MIT",
      "engines": {
        "node": ">=v6.13.0"
      },
      "peerDependencies": {
        "@dreamit/funpara": "^1.0.0",
        "@dreamit/graphql-server-base": "^3.0.0",
        "graphql": "^16.0.0"
      }
    },
    "node_modules/@esbuild/linux-x64": {
      "version": "0.25.5",
      "resolved": "https://registry.npmjs.org/@esbuild/linux-x64/-/linux-x64-0.25.5.tgz",
      "integrity": "sha512-uhj8N2obKTE6pSZ+aMUbqq+1nXxNjZIIjCjGLfsWvVpy7gKCOL6rsY1MhRh9zLtUtAI7vpgLMK6DxjO8Qm9lJw==",
      "cpu": [
        "x64"
      ],
      "license": "MIT",
      "optional": true,
      "os": [
        "linux"
      ],
      "engines": {
        "node": ">=18"
      }
    },
    "node_modules/@oxlint/darwin-arm64": {
      "version": "1.3.0",
      "resolved": "https://registry.npmjs.org/@oxlint/darwin-arm64/-/darwin-arm64-1.3.0.tgz",
      "integrity": "sha512-TcCaETXYfiEfS+u/gZNND4WwEEtnJJjqg8BIC56WiCQDduYTvmmbQ0vxtqdNXlFzlvmRpZCSs7qaqXNy8/8FLA==",
      "cpu": [
        "arm64"
      ],
      "dev": true,
      "license": "MIT",
      "optional": true,
      "os": [
        "darwin"
      ]
    },
    "node_modules/@oxlint/darwin-x64": {
      "version": "1.3.0",
      "resolved": "https://registry.npmjs.org/@oxlint/darwin-x64/-/darwin-x64-1.3.0.tgz",
      "integrity": "sha512-REgq9s1ZWuh++Vi+mUPNddLTp/D+iu+T8nLd3QM1dzQoBD/SZ7wRX3Mdv8QGT/m8dknmDBQuKAP6T47ox9HRSA==",
      "cpu": [
        "x64"
      ],
      "dev": true,
      "license": "MIT",
      "optional": true,
      "os": [
        "darwin"
      ]
    },
    "node_modules/@oxlint/linux-arm64-gnu": {
      "version": "1.3.0",
      "resolved": "https://registry.npmjs.org/@oxlint/linux-arm64-gnu/-/linux-arm64-gnu-1.3.0.tgz",
      "integrity": "sha512-QAS8AWKDcDeUe8mJaw/pF2D9+js8FbFTo75AiekZKNm9V6QAAiCkyvesmILD8RrStw9aV2D/apOD71vsfcDoGA==",
      "cpu": [
        "arm64"
      ],
      "dev": true,
      "license": "MIT",
      "optional": true,
      "os": [
        "linux"
      ]
    },
    "node_modules/@oxlint/linux-arm64-musl": {
      "version": "1.3.0",
      "resolved": "https://registry.npmjs.org/@oxlint/linux-arm64-musl/-/linux-arm64-musl-1.3.0.tgz",
      "integrity": "sha512-rAbz0KFkk5GPdERoFO4ZUZmVkECnHXjRG0O2MeT5zY7ddlyZUjEk1cWjw+HCtWVdKkqhZJeNFMuEiRLkpzBIIw==",
      "cpu": [
        "arm64"
      ],
      "dev": true,
      "license": "MIT",
      "optional": true,
      "os": [
        "linux"
      ]
    },
    "node_modules/@oxlint/linux-x64-gnu": {
      "version": "1.1.0",
      "resolved": "https://registry.npmjs.org/@oxlint/linux-x64-gnu/-/linux-x64-gnu-1.1.0.tgz",
      "integrity": "sha512-wNBsXCKVZMvUTcFitrV1wTsdhUAv8l+XQxHxciZ2SO6dpNnWEb2YCxSAIOXeyzBLdO4pIODYcSy38CvGue7TwA==",
      "cpu": [
        "x64"
      ],
      "license": "MIT",
      "optional": true,
      "os": [
        "linux"
      ]
    },
    "node_modules/@oxlint/linux-x64-musl": {
      "version": "1.3.0",
      "resolved": "https://registry.npmjs.org/@oxlint/linux-x64-musl/-/linux-x64-musl-1.3.0.tgz",
      "integrity": "sha512-+vrmJUHgtJmgIo+L9eTP04NI/OQNCOZtQo6I49qGWc9cpr+0MnIh9KMcyAOxmzVTF5g+CF1I/1bUz4pk4I3LDw==",
      "cpu": [
        "x64"
      ],
      "dev": true,
      "license": "MIT",
      "optional": true,
      "os": [
        "linux"
      ]
    },
    "node_modules/@oxlint/win32-arm64": {
      "version": "1.3.0",
      "resolved": "https://registry.npmjs.org/@oxlint/win32-arm64/-/win32-arm64-1.3.0.tgz",
      "integrity": "sha512-k+ETUVl+O3b8Rcd2PP5V3LqQ2QoN/TOX2f19XXHZEynbVLY3twLYPb3hLdXqoo7CKRq3RJdTfn1upHH48/qrZQ==",
      "cpu": [
        "arm64"
      ],
      "dev": true,
      "license": "MIT",
      "optional": true,
      "os": [
        "win32"
      ]
    },
    "node_modules/@oxlint/win32-x64": {
      "version": "1.3.0",
      "resolved": "https://registry.npmjs.org/@oxlint/win32-x64/-/win32-x64-1.3.0.tgz",
      "integrity": "sha512-nWSgK0fT02TQ/BiAUCd13BaobtHySkCDcQaL+NOmhgeb0tNWjtYiktuluahaIqFcYJPWczVlbs8DU/Eqo8vsug==",
      "cpu": [
        "x64"
      ],
      "dev": true,
      "license": "MIT",
      "optional": true,
      "os": [
        "win32"
      ]
    },
    "node_modules/@rollup/rollup-linux-x64-gnu": {
      "version": "4.43.0",
      "resolved": "https://registry.npmjs.org/@rollup/rollup-linux-x64-gnu/-/rollup-linux-x64-gnu-4.43.0.tgz",
      "integrity": "sha512-jAHr/S0iiBtFyzjhOkAics/2SrXE092qyqEg96e90L3t9Op8OTzS6+IX0Fy5wCt2+KqeHAkti+eitV0wvblEoQ==",
      "cpu": [
        "x64"
      ],
      "license": "MIT",
      "optional": true,
      "os": [
        "linux"
      ]
    },
    "node_modules/@types/body-parser": {
      "version": "1.19.6",
      "resolved": "https://registry.npmjs.org/@types/body-parser/-/body-parser-1.19.6.tgz",
      "integrity": "sha512-HLFeCYgz89uk22N5Qg3dvGvsv46B8GLvKKo1zKG4NybA8U2DiEO3w9lqGg29t/tfLRJpJ6iQxnVw4OnB7MoM9g==",
      "dev": true,
      "license": "MIT",
      "dependencies": {
        "@types/connect": "*",
        "@types/node": "*"
      }
    },
    "node_modules/@types/connect": {
      "version": "3.4.38",
      "resolved": "https://registry.npmjs.org/@types/connect/-/connect-3.4.38.tgz",
      "integrity": "sha512-K6uROf1LD88uDQqJCktA4yzL1YYAK6NgfsI0v/mTgyPKWsX1CnJ0XPSDhViejru1GcRkLWb8RlzFYJRqGUbaug==",
      "dev": true,
      "license": "MIT",
      "dependencies": {
        "@types/node": "*"
      }
    },
    "node_modules/@types/node": {
      "version": "24.0.3",
      "resolved": "https://registry.npmjs.org/@types/node/-/node-24.0.3.tgz",
      "integrity": "sha512-R4I/kzCYAdRLzfiCabn9hxWfbuHS573x+r0dJMkkzThEa7pbrcDWK+9zu3e7aBOouf+rQAciqPFMnxwr0aWgKg==",
      "dev": true,
      "license": "MIT",
      "dependencies": {
        "undici-types": "~7.8.0"
      }
    },
    "node_modules/graphql": {
      "version": "16.11.0",
      "resolved": "https://registry.npmjs.org/graphql/-/graphql-16.11.0.tgz",
      "integrity": "sha512-mS1lbMsxgQj6hge1XZ6p7GPhbrtFwUFYi3wRzXAC/FmYnyXMTvvI3td3rjmQ2u8ewXueaSvRPWaEcgVVOT9Jnw==",
      "license": "MIT",
      "engines": {
        "node": "^12.22.0 || ^14.16.0 || ^16.0.0 || >=17.0.0"
      }
    },
    "node_modules/oxlint": {
      "version": "1.3.0",
      "resolved": "https://registry.npmjs.org/oxlint/-/oxlint-1.3.0.tgz",
      "integrity": "sha512-PzAOmPxnXYpVF1q6h9pkOPH6uJ/44XrtFWJ8JcEMpoEq9HISNelD3lXhACtOAW8CArjLy/qSlu2KkyPxnXgctA==",
      "dev": true,
      "license": "MIT",
      "bin": {
        "oxc_language_server": "bin/oxc_language_server",
        "oxlint": "bin/oxlint"
      },
      "engines": {
        "node": ">=8.*"
      },
      "funding": {
        "url": "https://github.com/sponsors/Boshen"
      },
      "optionalDependencies": {
        "@oxlint/darwin-arm64": "1.3.0",
        "@oxlint/darwin-x64": "1.3.0",
        "@oxlint/linux-arm64-gnu": "1.3.0",
        "@oxlint/linux-arm64-musl": "1.3.0",
        "@oxlint/linux-x64-gnu": "1.3.0",
        "@oxlint/linux-x64-musl": "1.3.0",
        "@oxlint/win32-arm64": "1.3.0",
        "@oxlint/win32-x64": "1.3.0"
      }
    },
    "node_modules/oxlint/node_modules/@oxlint/linux-x64-gnu": {
      "version": "1.3.0",
      "resolved": "https://registry.npmjs.org/@oxlint/linux-x64-gnu/-/linux-x64-gnu-1.3.0.tgz",
      "integrity": "sha512-6uLO1WsJwCtVNGHtjXwg2TRvxQYttYJKMjSdv6RUXGWY1AI+/+yHzvu+phU/F40uNC7CFhFnqWDuPaSZ49hdAQ==",
      "cpu": [
        "x64"
      ],
      "dev": true,
      "license": "MIT",
      "optional": true,
      "os": [
        "linux"
      ]
    },
    "node_modules/typescript": {
      "version": "5.8.3",
      "resolved": "https://registry.npmjs.org/typescript/-/typescript-5.8.3.tgz",
      "integrity": "sha512-p1diW6TqL9L07nNxvRMM7hMMw4c5XOo/1ibL4aAIGmSAt9slTE1Xgw5KWuof2uTOvCg9BY7ZRi+GaF+7sfgPeQ==",
      "dev": true,
      "license": "Apache-2.0",
      "bin": {
        "tsc": "bin/tsc",
        "tsserver": "bin/tsserver"
      },
      "engines": {
        "node": ">=14.17"
      }
    },
    "node_modules/undici-types": {
      "version": "7.8.0",
      "resolved": "https://registry.npmjs.org/undici-types/-/undici-types-7.8.0.tgz",
      "integrity": "sha512-9UJ2xGDvQ43tYyVMpuHlsgApydB8ZKfVYTsLDhXkFL/6gfkp+U8xTGdh8pMJv1SpZna0zxG1DwsKZsreLbXBxw==",
      "dev": true,
      "license": "MIT"
    },
    "node_modules/uWebSockets.js": {
      "version": "20.52.0",
      "resolved": "git+ssh://git@github.com/uNetworking/uWebSockets.js.git#cfc9a40d8132a34881813cec3d5f8e3a185b3ce3",
      "integrity": "sha512-Qz8hLlBRiXeItn/GNqLx+zu214i5gdsgzZP7zH0R9D1LHI4pxjsrd2a2+3dxwAKg2NsRECEkXFTbCDkfNbrMfQ==",
      "license": "Apache-2.0"
    }
  }
}
